// !$*UTF8*$!
{
	archiveVersion = 1;
	classes = {
	};
	objectVersion = 50;
	objects = {

/* Begin PBXBuildFile section */
		24154B80752E6C115E044787 /* Pods_freee_SelectionSubject_AccountBook.framework in Frameworks */ = {isa = PBXBuildFile; fileRef = 21DA1DBEF737C2EEC40DEADE /* Pods_freee_SelectionSubject_AccountBook.framework */; };
		663F3E042292938700F94FDE /* AppDelegate.swift in Sources */ = {isa = PBXBuildFile; fileRef = 663F3E032292938700F94FDE /* AppDelegate.swift */; };
		663F3E092292938700F94FDE /* Main.storyboard in Resources */ = {isa = PBXBuildFile; fileRef = 663F3E072292938700F94FDE /* Main.storyboard */; };
		663F3E0C2292938700F94FDE /* freee_SelectionSubject_AccountBook.xcdatamodeld in Sources */ = {isa = PBXBuildFile; fileRef = 663F3E0A2292938700F94FDE /* freee_SelectionSubject_AccountBook.xcdatamodeld */; };
		663F3E0E2292938800F94FDE /* Assets.xcassets in Resources */ = {isa = PBXBuildFile; fileRef = 663F3E0D2292938800F94FDE /* Assets.xcassets */; };
		663F3E112292938800F94FDE /* LaunchScreen.storyboard in Resources */ = {isa = PBXBuildFile; fileRef = 663F3E0F2292938800F94FDE /* LaunchScreen.storyboard */; };
		663F3E1C2292938800F94FDE /* freee_SelectionSubject_AccountBookTests.swift in Sources */ = {isa = PBXBuildFile; fileRef = 663F3E1B2292938800F94FDE /* freee_SelectionSubject_AccountBookTests.swift */; };
		663F3E272292938800F94FDE /* freee_SelectionSubject_AccountBookUITests.swift in Sources */ = {isa = PBXBuildFile; fileRef = 663F3E262292938800F94FDE /* freee_SelectionSubject_AccountBookUITests.swift */; };
		663F3E382292940800F94FDE /* EditingStyleChangeTextField.swift in Sources */ = {isa = PBXBuildFile; fileRef = 663F3E342292940800F94FDE /* EditingStyleChangeTextField.swift */; };
		663F3E392292940800F94FDE /* IBDesignableButton.swift in Sources */ = {isa = PBXBuildFile; fileRef = 663F3E352292940800F94FDE /* IBDesignableButton.swift */; };
		663F3E3A2292940800F94FDE /* CustomTableViewCell.xib in Resources */ = {isa = PBXBuildFile; fileRef = 663F3E362292940800F94FDE /* CustomTableViewCell.xib */; };
		663F3E3B2292940800F94FDE /* CustomTableViewCell.swift in Sources */ = {isa = PBXBuildFile; fileRef = 663F3E372292940800F94FDE /* CustomTableViewCell.swift */; };
		663F3E422292941A00F94FDE /* ModalViewController.xib in Resources */ = {isa = PBXBuildFile; fileRef = 663F3E3D2292941A00F94FDE /* ModalViewController.xib */; };
		663F3E432292941A00F94FDE /* TouchEventChainTableView.swift in Sources */ = {isa = PBXBuildFile; fileRef = 663F3E3E2292941A00F94FDE /* TouchEventChainTableView.swift */; };
		663F3E442292941A00F94FDE /* ModalViewController.swift in Sources */ = {isa = PBXBuildFile; fileRef = 663F3E3F2292941A00F94FDE /* ModalViewController.swift */; };
		663F3E482292BB7F00F94FDE /* String_isOnlyNumber.swift in Sources */ = {isa = PBXBuildFile; fileRef = 663F3E472292BB7F00F94FDE /* String_isOnlyNumber.swift */; };
		6670630022948F310053D3B7 /* MainViewController.swift in Sources */ = {isa = PBXBuildFile; fileRef = 667062FF22948F310053D3B7 /* MainViewController.swift */; };
		668F4A892293D587009C3AD2 /* PageViewController.swift in Sources */ = {isa = PBXBuildFile; fileRef = 668F4A882293D587009C3AD2 /* PageViewController.swift */; };
		668F4A8B2293D5B1009C3AD2 /* PageView.storyboard in Resources */ = {isa = PBXBuildFile; fileRef = 668F4A8A2293D5B1009C3AD2 /* PageView.storyboard */; };
		668F4A8E2293D624009C3AD2 /* SummaryViewController.swift in Sources */ = {isa = PBXBuildFile; fileRef = 668F4A8C2293D624009C3AD2 /* SummaryViewController.swift */; };
		668F4A922293D65C009C3AD2 /* SummaryView.storyboard in Resources */ = {isa = PBXBuildFile; fileRef = 668F4A912293D65C009C3AD2 /* SummaryView.storyboard */; };
		96F3E4C9D490D574398A424B /* Pods_freee_SelectionSubject_AccountBookTests.framework in Frameworks */ = {isa = PBXBuildFile; fileRef = 9C45DF7CE151D07EB17FF2EE /* Pods_freee_SelectionSubject_AccountBookTests.framework */; };
		E44412A292FF3F5C34B147DC /* Pods_freee_SelectionSubject_AccountBookUITests.framework in Frameworks */ = {isa = PBXBuildFile; fileRef = 94CF29E376AD295AFFC154AC /* Pods_freee_SelectionSubject_AccountBookUITests.framework */; };
/* End PBXBuildFile section */

/* Begin PBXContainerItemProxy section */
		663F3E182292938800F94FDE /* PBXContainerItemProxy */ = {
			isa = PBXContainerItemProxy;
			containerPortal = 663F3DF82292938700F94FDE /* Project object */;
			proxyType = 1;
			remoteGlobalIDString = 663F3DFF2292938700F94FDE;
			remoteInfo = freee_SelectionSubject_AccountBook;
		};
		663F3E232292938800F94FDE /* PBXContainerItemProxy */ = {
			isa = PBXContainerItemProxy;
			containerPortal = 663F3DF82292938700F94FDE /* Project object */;
			proxyType = 1;
			remoteGlobalIDString = 663F3DFF2292938700F94FDE;
			remoteInfo = freee_SelectionSubject_AccountBook;
		};
/* End PBXContainerItemProxy section */

/* Begin PBXFileReference section */
		1C276B82A6451341FF4D9BC0 /* Pods-freee_SelectionSubject_AccountBookTests.release.xcconfig */ = {isa = PBXFileReference; includeInIndex = 1; lastKnownFileType = text.xcconfig; name = "Pods-freee_SelectionSubject_AccountBookTests.release.xcconfig"; path = "Pods/Target Support Files/Pods-freee_SelectionSubject_AccountBookTests/Pods-freee_SelectionSubject_AccountBookTests.release.xcconfig"; sourceTree = "<group>"; };
		21A2BA9CAEBA83CE3AD3C292 /* Pods-freee_SelectionSubject_AccountBook.release.xcconfig */ = {isa = PBXFileReference; includeInIndex = 1; lastKnownFileType = text.xcconfig; name = "Pods-freee_SelectionSubject_AccountBook.release.xcconfig"; path = "Pods/Target Support Files/Pods-freee_SelectionSubject_AccountBook/Pods-freee_SelectionSubject_AccountBook.release.xcconfig"; sourceTree = "<group>"; };
		21DA1DBEF737C2EEC40DEADE /* Pods_freee_SelectionSubject_AccountBook.framework */ = {isa = PBXFileReference; explicitFileType = wrapper.framework; includeInIndex = 0; path = Pods_freee_SelectionSubject_AccountBook.framework; sourceTree = BUILT_PRODUCTS_DIR; };
		4BDF8DEDA4B56A79BCF785D8 /* Pods-freee_SelectionSubject_AccountBookUITests.debug.xcconfig */ = {isa = PBXFileReference; includeInIndex = 1; lastKnownFileType = text.xcconfig; name = "Pods-freee_SelectionSubject_AccountBookUITests.debug.xcconfig"; path = "Pods/Target Support Files/Pods-freee_SelectionSubject_AccountBookUITests/Pods-freee_SelectionSubject_AccountBookUITests.debug.xcconfig"; sourceTree = "<group>"; };
		663F3E002292938700F94FDE /* freee_SelectionSubject_AccountBook.app */ = {isa = PBXFileReference; explicitFileType = wrapper.application; includeInIndex = 0; path = freee_SelectionSubject_AccountBook.app; sourceTree = BUILT_PRODUCTS_DIR; };
		663F3E032292938700F94FDE /* AppDelegate.swift */ = {isa = PBXFileReference; lastKnownFileType = sourcecode.swift; path = AppDelegate.swift; sourceTree = "<group>"; };
		663F3E082292938700F94FDE /* Base */ = {isa = PBXFileReference; lastKnownFileType = file.storyboard; name = Base; path = Base.lproj/Main.storyboard; sourceTree = "<group>"; };
		663F3E0B2292938700F94FDE /* freee_SelectionSubject_AccountBook.xcdatamodel */ = {isa = PBXFileReference; lastKnownFileType = wrapper.xcdatamodel; path = freee_SelectionSubject_AccountBook.xcdatamodel; sourceTree = "<group>"; };
		663F3E0D2292938800F94FDE /* Assets.xcassets */ = {isa = PBXFileReference; lastKnownFileType = folder.assetcatalog; path = Assets.xcassets; sourceTree = "<group>"; };
		663F3E102292938800F94FDE /* Base */ = {isa = PBXFileReference; lastKnownFileType = file.storyboard; name = Base; path = Base.lproj/LaunchScreen.storyboard; sourceTree = "<group>"; };
		663F3E122292938800F94FDE /* Info.plist */ = {isa = PBXFileReference; lastKnownFileType = text.plist.xml; path = Info.plist; sourceTree = "<group>"; };
		663F3E172292938800F94FDE /* freee_SelectionSubject_AccountBookTests.xctest */ = {isa = PBXFileReference; explicitFileType = wrapper.cfbundle; includeInIndex = 0; path = freee_SelectionSubject_AccountBookTests.xctest; sourceTree = BUILT_PRODUCTS_DIR; };
		663F3E1B2292938800F94FDE /* freee_SelectionSubject_AccountBookTests.swift */ = {isa = PBXFileReference; lastKnownFileType = sourcecode.swift; path = freee_SelectionSubject_AccountBookTests.swift; sourceTree = "<group>"; };
		663F3E1D2292938800F94FDE /* Info.plist */ = {isa = PBXFileReference; lastKnownFileType = text.plist.xml; path = Info.plist; sourceTree = "<group>"; };
		663F3E222292938800F94FDE /* freee_SelectionSubject_AccountBookUITests.xctest */ = {isa = PBXFileReference; explicitFileType = wrapper.cfbundle; includeInIndex = 0; path = freee_SelectionSubject_AccountBookUITests.xctest; sourceTree = BUILT_PRODUCTS_DIR; };
		663F3E262292938800F94FDE /* freee_SelectionSubject_AccountBookUITests.swift */ = {isa = PBXFileReference; lastKnownFileType = sourcecode.swift; path = freee_SelectionSubject_AccountBookUITests.swift; sourceTree = "<group>"; };
		663F3E282292938800F94FDE /* Info.plist */ = {isa = PBXFileReference; lastKnownFileType = text.plist.xml; path = Info.plist; sourceTree = "<group>"; };
		663F3E342292940800F94FDE /* EditingStyleChangeTextField.swift */ = {isa = PBXFileReference; fileEncoding = 4; lastKnownFileType = sourcecode.swift; path = EditingStyleChangeTextField.swift; sourceTree = "<group>"; };
		663F3E352292940800F94FDE /* IBDesignableButton.swift */ = {isa = PBXFileReference; fileEncoding = 4; lastKnownFileType = sourcecode.swift; path = IBDesignableButton.swift; sourceTree = "<group>"; };
		663F3E362292940800F94FDE /* CustomTableViewCell.xib */ = {isa = PBXFileReference; fileEncoding = 4; lastKnownFileType = file.xib; path = CustomTableViewCell.xib; sourceTree = "<group>"; };
		663F3E372292940800F94FDE /* CustomTableViewCell.swift */ = {isa = PBXFileReference; fileEncoding = 4; lastKnownFileType = sourcecode.swift; path = CustomTableViewCell.swift; sourceTree = "<group>"; };
		663F3E3D2292941A00F94FDE /* ModalViewController.xib */ = {isa = PBXFileReference; fileEncoding = 4; lastKnownFileType = file.xib; path = ModalViewController.xib; sourceTree = "<group>"; };
		663F3E3E2292941A00F94FDE /* TouchEventChainTableView.swift */ = {isa = PBXFileReference; fileEncoding = 4; lastKnownFileType = sourcecode.swift; path = TouchEventChainTableView.swift; sourceTree = "<group>"; };
		663F3E3F2292941A00F94FDE /* ModalViewController.swift */ = {isa = PBXFileReference; fileEncoding = 4; lastKnownFileType = sourcecode.swift; path = ModalViewController.swift; sourceTree = "<group>"; };
		663F3E472292BB7F00F94FDE /* String_isOnlyNumber.swift */ = {isa = PBXFileReference; lastKnownFileType = sourcecode.swift; name = String_isOnlyNumber.swift; path = freee_SelectionSubject_AccountBook/String_isOnlyNumber.swift; sourceTree = SOURCE_ROOT; };
		667062FF22948F310053D3B7 /* MainViewController.swift */ = {isa = PBXFileReference; fileEncoding = 4; lastKnownFileType = sourcecode.swift; path = MainViewController.swift; sourceTree = "<group>"; };
		668F4A882293D587009C3AD2 /* PageViewController.swift */ = {isa = PBXFileReference; lastKnownFileType = sourcecode.swift; path = PageViewController.swift; sourceTree = "<group>"; };
		668F4A8A2293D5B1009C3AD2 /* PageView.storyboard */ = {isa = PBXFileReference; lastKnownFileType = file.storyboard; path = PageView.storyboard; sourceTree = "<group>"; };
		668F4A8C2293D624009C3AD2 /* SummaryViewController.swift */ = {isa = PBXFileReference; lastKnownFileType = sourcecode.swift; path = SummaryViewController.swift; sourceTree = "<group>"; };
		668F4A912293D65C009C3AD2 /* SummaryView.storyboard */ = {isa = PBXFileReference; lastKnownFileType = file.storyboard; path = SummaryView.storyboard; sourceTree = "<group>"; };
		6A1709B42EA317B4E7D4DEE0 /* Pods-freee_SelectionSubject_AccountBookTests.debug.xcconfig */ = {isa = PBXFileReference; includeInIndex = 1; lastKnownFileType = text.xcconfig; name = "Pods-freee_SelectionSubject_AccountBookTests.debug.xcconfig"; path = "Pods/Target Support Files/Pods-freee_SelectionSubject_AccountBookTests/Pods-freee_SelectionSubject_AccountBookTests.debug.xcconfig"; sourceTree = "<group>"; };
		8EAF43883BC195CA352AE4F4 /* Pods-freee_SelectionSubject_AccountBookUITests.release.xcconfig */ = {isa = PBXFileReference; includeInIndex = 1; lastKnownFileType = text.xcconfig; name = "Pods-freee_SelectionSubject_AccountBookUITests.release.xcconfig"; path = "Pods/Target Support Files/Pods-freee_SelectionSubject_AccountBookUITests/Pods-freee_SelectionSubject_AccountBookUITests.release.xcconfig"; sourceTree = "<group>"; };
		94CF29E376AD295AFFC154AC /* Pods_freee_SelectionSubject_AccountBookUITests.framework */ = {isa = PBXFileReference; explicitFileType = wrapper.framework; includeInIndex = 0; path = Pods_freee_SelectionSubject_AccountBookUITests.framework; sourceTree = BUILT_PRODUCTS_DIR; };
		9C45DF7CE151D07EB17FF2EE /* Pods_freee_SelectionSubject_AccountBookTests.framework */ = {isa = PBXFileReference; explicitFileType = wrapper.framework; includeInIndex = 0; path = Pods_freee_SelectionSubject_AccountBookTests.framework; sourceTree = BUILT_PRODUCTS_DIR; };
		AB069707CF6C59F5F1907262 /* Pods-freee_SelectionSubject_AccountBook.debug.xcconfig */ = {isa = PBXFileReference; includeInIndex = 1; lastKnownFileType = text.xcconfig; name = "Pods-freee_SelectionSubject_AccountBook.debug.xcconfig"; path = "Pods/Target Support Files/Pods-freee_SelectionSubject_AccountBook/Pods-freee_SelectionSubject_AccountBook.debug.xcconfig"; sourceTree = "<group>"; };
/* End PBXFileReference section */

/* Begin PBXFrameworksBuildPhase section */
		663F3DFD2292938700F94FDE /* Frameworks */ = {
			isa = PBXFrameworksBuildPhase;
			buildActionMask = 2147483647;
			files = (
				24154B80752E6C115E044787 /* Pods_freee_SelectionSubject_AccountBook.framework in Frameworks */,
			);
			runOnlyForDeploymentPostprocessing = 0;
		};
		663F3E142292938800F94FDE /* Frameworks */ = {
			isa = PBXFrameworksBuildPhase;
			buildActionMask = 2147483647;
			files = (
				96F3E4C9D490D574398A424B /* Pods_freee_SelectionSubject_AccountBookTests.framework in Frameworks */,
			);
			runOnlyForDeploymentPostprocessing = 0;
		};
		663F3E1F2292938800F94FDE /* Frameworks */ = {
			isa = PBXFrameworksBuildPhase;
			buildActionMask = 2147483647;
			files = (
				E44412A292FF3F5C34B147DC /* Pods_freee_SelectionSubject_AccountBookUITests.framework in Frameworks */,
			);
			runOnlyForDeploymentPostprocessing = 0;
		};
/* End PBXFrameworksBuildPhase section */

/* Begin PBXGroup section */
		663F3DF72292938700F94FDE = {
			isa = PBXGroup;
			children = (
				663F3E022292938700F94FDE /* freee_SelectionSubject_AccountBook */,
				663F3E1A2292938800F94FDE /* freee_SelectionSubject_AccountBookTests */,
				663F3E252292938800F94FDE /* freee_SelectionSubject_AccountBookUITests */,
				663F3E012292938700F94FDE /* Products */,
				9FE20C8732ED29FF309DA62C /* Pods */,
				C4C41DC9240B44D4B340BEF2 /* Frameworks */,
			);
			sourceTree = "<group>";
		};
		663F3E012292938700F94FDE /* Products */ = {
			isa = PBXGroup;
			children = (
				663F3E002292938700F94FDE /* freee_SelectionSubject_AccountBook.app */,
				663F3E172292938800F94FDE /* freee_SelectionSubject_AccountBookTests.xctest */,
				663F3E222292938800F94FDE /* freee_SelectionSubject_AccountBookUITests.xctest */,
			);
			name = Products;
			sourceTree = "<group>";
		};
		663F3E022292938700F94FDE /* freee_SelectionSubject_AccountBook */ = {
			isa = PBXGroup;
			children = (
				663F3E032292938700F94FDE /* AppDelegate.swift */,
				667062FF22948F310053D3B7 /* MainViewController.swift */,
				663F3E072292938700F94FDE /* Main.storyboard */,
				668F4A8C2293D624009C3AD2 /* SummaryViewController.swift */,
				668F4A912293D65C009C3AD2 /* SummaryView.storyboard */,
				663F3E3F2292941A00F94FDE /* ModalViewController.swift */,
				663F3E3D2292941A00F94FDE /* ModalViewController.xib */,
				663F3E372292940800F94FDE /* CustomTableViewCell.swift */,
				663F3E362292940800F94FDE /* CustomTableViewCell.xib */,
				668F4A882293D587009C3AD2 /* PageViewController.swift */,
				668F4A8A2293D5B1009C3AD2 /* PageView.storyboard */,
				663F3E4622929CDA00F94FDE /* CustomClass_and_Extensions */,
				663F3E0D2292938800F94FDE /* Assets.xcassets */,
				663F3E0F2292938800F94FDE /* LaunchScreen.storyboard */,
				663F3E122292938800F94FDE /* Info.plist */,
				663F3E0A2292938700F94FDE /* freee_SelectionSubject_AccountBook.xcdatamodeld */,
			);
			path = freee_SelectionSubject_AccountBook;
			sourceTree = "<group>";
		};
		663F3E1A2292938800F94FDE /* freee_SelectionSubject_AccountBookTests */ = {
			isa = PBXGroup;
			children = (
				663F3E1B2292938800F94FDE /* freee_SelectionSubject_AccountBookTests.swift */,
				663F3E1D2292938800F94FDE /* Info.plist */,
			);
			path = freee_SelectionSubject_AccountBookTests;
			sourceTree = "<group>";
		};
		663F3E252292938800F94FDE /* freee_SelectionSubject_AccountBookUITests */ = {
			isa = PBXGroup;
			children = (
				663F3E262292938800F94FDE /* freee_SelectionSubject_AccountBookUITests.swift */,
				663F3E282292938800F94FDE /* Info.plist */,
			);
			path = freee_SelectionSubject_AccountBookUITests;
			sourceTree = "<group>";
		};
		663F3E4622929CDA00F94FDE /* CustomClass_and_Extensions */ = {
			isa = PBXGroup;
			children = (
				663F3E3E2292941A00F94FDE /* TouchEventChainTableView.swift */,
				663F3E342292940800F94FDE /* EditingStyleChangeTextField.swift */,
				663F3E352292940800F94FDE /* IBDesignableButton.swift */,
				663F3E472292BB7F00F94FDE /* String_isOnlyNumber.swift */,
			);
			path = CustomClass_and_Extensions;
			sourceTree = "<group>";
		};
		9FE20C8732ED29FF309DA62C /* Pods */ = {
			isa = PBXGroup;
			children = (
				AB069707CF6C59F5F1907262 /* Pods-freee_SelectionSubject_AccountBook.debug.xcconfig */,
				21A2BA9CAEBA83CE3AD3C292 /* Pods-freee_SelectionSubject_AccountBook.release.xcconfig */,
				6A1709B42EA317B4E7D4DEE0 /* Pods-freee_SelectionSubject_AccountBookTests.debug.xcconfig */,
				1C276B82A6451341FF4D9BC0 /* Pods-freee_SelectionSubject_AccountBookTests.release.xcconfig */,
				4BDF8DEDA4B56A79BCF785D8 /* Pods-freee_SelectionSubject_AccountBookUITests.debug.xcconfig */,
				8EAF43883BC195CA352AE4F4 /* Pods-freee_SelectionSubject_AccountBookUITests.release.xcconfig */,
			);
			name = Pods;
			sourceTree = "<group>";
		};
		C4C41DC9240B44D4B340BEF2 /* Frameworks */ = {
			isa = PBXGroup;
			children = (
				21DA1DBEF737C2EEC40DEADE /* Pods_freee_SelectionSubject_AccountBook.framework */,
				9C45DF7CE151D07EB17FF2EE /* Pods_freee_SelectionSubject_AccountBookTests.framework */,
				94CF29E376AD295AFFC154AC /* Pods_freee_SelectionSubject_AccountBookUITests.framework */,
			);
			name = Frameworks;
			sourceTree = "<group>";
		};
/* End PBXGroup section */

/* Begin PBXNativeTarget section */
		663F3DFF2292938700F94FDE /* freee_SelectionSubject_AccountBook */ = {
			isa = PBXNativeTarget;
			buildConfigurationList = 663F3E2B2292938800F94FDE /* Build configuration list for PBXNativeTarget "freee_SelectionSubject_AccountBook" */;
			buildPhases = (
				3E3EEE0395C51D970A32F630 /* [CP] Check Pods Manifest.lock */,
				663F3DFC2292938700F94FDE /* Sources */,
				663F3DFD2292938700F94FDE /* Frameworks */,
				663F3DFE2292938700F94FDE /* Resources */,
				81E21BE40E8FB76DFBEDC902 /* [CP] Embed Pods Frameworks */,
			);
			buildRules = (
			);
			dependencies = (
			);
			name = freee_SelectionSubject_AccountBook;
			productName = freee_SelectionSubject_AccountBook;
			productReference = 663F3E002292938700F94FDE /* freee_SelectionSubject_AccountBook.app */;
			productType = "com.apple.product-type.application";
		};
		663F3E162292938800F94FDE /* freee_SelectionSubject_AccountBookTests */ = {
			isa = PBXNativeTarget;
			buildConfigurationList = 663F3E2E2292938800F94FDE /* Build configuration list for PBXNativeTarget "freee_SelectionSubject_AccountBookTests" */;
			buildPhases = (
				F16BB14A60C7E49CA8934701 /* [CP] Check Pods Manifest.lock */,
				663F3E132292938800F94FDE /* Sources */,
				663F3E142292938800F94FDE /* Frameworks */,
				663F3E152292938800F94FDE /* Resources */,
			);
			buildRules = (
			);
			dependencies = (
				663F3E192292938800F94FDE /* PBXTargetDependency */,
			);
			name = freee_SelectionSubject_AccountBookTests;
			productName = freee_SelectionSubject_AccountBookTests;
			productReference = 663F3E172292938800F94FDE /* freee_SelectionSubject_AccountBookTests.xctest */;
			productType = "com.apple.product-type.bundle.unit-test";
		};
		663F3E212292938800F94FDE /* freee_SelectionSubject_AccountBookUITests */ = {
			isa = PBXNativeTarget;
			buildConfigurationList = 663F3E312292938800F94FDE /* Build configuration list for PBXNativeTarget "freee_SelectionSubject_AccountBookUITests" */;
			buildPhases = (
				65C6959602B20CA320DC9BC1 /* [CP] Check Pods Manifest.lock */,
				663F3E1E2292938800F94FDE /* Sources */,
				663F3E1F2292938800F94FDE /* Frameworks */,
				663F3E202292938800F94FDE /* Resources */,
			);
			buildRules = (
			);
			dependencies = (
				663F3E242292938800F94FDE /* PBXTargetDependency */,
			);
			name = freee_SelectionSubject_AccountBookUITests;
			productName = freee_SelectionSubject_AccountBookUITests;
			productReference = 663F3E222292938800F94FDE /* freee_SelectionSubject_AccountBookUITests.xctest */;
			productType = "com.apple.product-type.bundle.ui-testing";
		};
/* End PBXNativeTarget section */

/* Begin PBXProject section */
		663F3DF82292938700F94FDE /* Project object */ = {
			isa = PBXProject;
			attributes = {
				LastSwiftUpdateCheck = 1020;
				LastUpgradeCheck = 1020;
				ORGANIZATIONNAME = TakumiObayashi;
				TargetAttributes = {
					663F3DFF2292938700F94FDE = {
						CreatedOnToolsVersion = 10.2.1;
					};
					663F3E162292938800F94FDE = {
						CreatedOnToolsVersion = 10.2.1;
						TestTargetID = 663F3DFF2292938700F94FDE;
					};
					663F3E212292938800F94FDE = {
						CreatedOnToolsVersion = 10.2.1;
						TestTargetID = 663F3DFF2292938700F94FDE;
					};
				};
			};
			buildConfigurationList = 663F3DFB2292938700F94FDE /* Build configuration list for PBXProject "freee_SelectionSubject_AccountBook" */;
			compatibilityVersion = "Xcode 9.3";
			developmentRegion = en;
			hasScannedForEncodings = 0;
			knownRegions = (
				en,
				Base,
			);
			mainGroup = 663F3DF72292938700F94FDE;
			productRefGroup = 663F3E012292938700F94FDE /* Products */;
			projectDirPath = "";
			projectRoot = "";
			targets = (
				663F3DFF2292938700F94FDE /* freee_SelectionSubject_AccountBook */,
				663F3E162292938800F94FDE /* freee_SelectionSubject_AccountBookTests */,
				663F3E212292938800F94FDE /* freee_SelectionSubject_AccountBookUITests */,
			);
		};
/* End PBXProject section */

/* Begin PBXResourcesBuildPhase section */
		663F3DFE2292938700F94FDE /* Resources */ = {
			isa = PBXResourcesBuildPhase;
			buildActionMask = 2147483647;
			files = (
				668F4A8B2293D5B1009C3AD2 /* PageView.storyboard in Resources */,
				663F3E112292938800F94FDE /* LaunchScreen.storyboard in Resources */,
				663F3E422292941A00F94FDE /* ModalViewController.xib in Resources */,
				663F3E0E2292938800F94FDE /* Assets.xcassets in Resources */,
				668F4A922293D65C009C3AD2 /* SummaryView.storyboard in Resources */,
				663F3E3A2292940800F94FDE /* CustomTableViewCell.xib in Resources */,
				663F3E092292938700F94FDE /* Main.storyboard in Resources */,
			);
			runOnlyForDeploymentPostprocessing = 0;
		};
		663F3E152292938800F94FDE /* Resources */ = {
			isa = PBXResourcesBuildPhase;
			buildActionMask = 2147483647;
			files = (
			);
			runOnlyForDeploymentPostprocessing = 0;
		};
		663F3E202292938800F94FDE /* Resources */ = {
			isa = PBXResourcesBuildPhase;
			buildActionMask = 2147483647;
			files = (
			);
			runOnlyForDeploymentPostprocessing = 0;
		};
/* End PBXResourcesBuildPhase section */

/* Begin PBXShellScriptBuildPhase section */
		3E3EEE0395C51D970A32F630 /* [CP] Check Pods Manifest.lock */ = {
			isa = PBXShellScriptBuildPhase;
			buildActionMask = 2147483647;
			files = (
			);
			inputPaths = (
				"${PODS_PODFILE_DIR_PATH}/Podfile.lock",
				"${PODS_ROOT}/Manifest.lock",
			);
			name = "[CP] Check Pods Manifest.lock";
			outputPaths = (
				"$(DERIVED_FILE_DIR)/Pods-freee_SelectionSubject_AccountBook-checkManifestLockResult.txt",
			);
			runOnlyForDeploymentPostprocessing = 0;
			shellPath = /bin/sh;
			shellScript = "diff \"${PODS_PODFILE_DIR_PATH}/Podfile.lock\" \"${PODS_ROOT}/Manifest.lock\" > /dev/null\nif [ $? != 0 ] ; then\n    # print error to STDERR\n    echo \"error: The sandbox is not in sync with the Podfile.lock. Run 'pod install' or update your CocoaPods installation.\" >&2\n    exit 1\nfi\n# This output is used by Xcode 'outputs' to avoid re-running this script phase.\necho \"SUCCESS\" > \"${SCRIPT_OUTPUT_FILE_0}\"\n";
			showEnvVarsInLog = 0;
		};
		65C6959602B20CA320DC9BC1 /* [CP] Check Pods Manifest.lock */ = {
			isa = PBXShellScriptBuildPhase;
			buildActionMask = 2147483647;
			files = (
			);
			inputPaths = (
				"${PODS_PODFILE_DIR_PATH}/Podfile.lock",
				"${PODS_ROOT}/Manifest.lock",
			);
			name = "[CP] Check Pods Manifest.lock";
			outputPaths = (
				"$(DERIVED_FILE_DIR)/Pods-freee_SelectionSubject_AccountBookUITests-checkManifestLockResult.txt",
			);
			runOnlyForDeploymentPostprocessing = 0;
			shellPath = /bin/sh;
			shellScript = "diff \"${PODS_PODFILE_DIR_PATH}/Podfile.lock\" \"${PODS_ROOT}/Manifest.lock\" > /dev/null\nif [ $? != 0 ] ; then\n    # print error to STDERR\n    echo \"error: The sandbox is not in sync with the Podfile.lock. Run 'pod install' or update your CocoaPods installation.\" >&2\n    exit 1\nfi\n# This output is used by Xcode 'outputs' to avoid re-running this script phase.\necho \"SUCCESS\" > \"${SCRIPT_OUTPUT_FILE_0}\"\n";
			showEnvVarsInLog = 0;
		};
		81E21BE40E8FB76DFBEDC902 /* [CP] Embed Pods Frameworks */ = {
			isa = PBXShellScriptBuildPhase;
			buildActionMask = 2147483647;
			files = (
			);
			inputPaths = (
				"${SRCROOT}/Pods/Target Support Files/Pods-freee_SelectionSubject_AccountBook/Pods-freee_SelectionSubject_AccountBook-frameworks.sh",
				"${BUILT_PRODUCTS_DIR}/Charts/Charts.framework",
				"${BUILT_PRODUCTS_DIR}/DynamicBlurView/DynamicBlurView.framework",
				"${BUILT_PRODUCTS_DIR}/LTHRadioButton/LTHRadioButton.framework",
				"${BUILT_PRODUCTS_DIR}/PopupDialog/PopupDialog.framework",
			);
			name = "[CP] Embed Pods Frameworks";
			outputPaths = (
				"${TARGET_BUILD_DIR}/${FRAMEWORKS_FOLDER_PATH}/Charts.framework",
				"${TARGET_BUILD_DIR}/${FRAMEWORKS_FOLDER_PATH}/DynamicBlurView.framework",
				"${TARGET_BUILD_DIR}/${FRAMEWORKS_FOLDER_PATH}/LTHRadioButton.framework",
				"${TARGET_BUILD_DIR}/${FRAMEWORKS_FOLDER_PATH}/PopupDialog.framework",
			);
			runOnlyForDeploymentPostprocessing = 0;
			shellPath = /bin/sh;
			shellScript = "\"${SRCROOT}/Pods/Target Support Files/Pods-freee_SelectionSubject_AccountBook/Pods-freee_SelectionSubject_AccountBook-frameworks.sh\"\n";
			showEnvVarsInLog = 0;
		};
		F16BB14A60C7E49CA8934701 /* [CP] Check Pods Manifest.lock */ = {
			isa = PBXShellScriptBuildPhase;
			buildActionMask = 2147483647;
			files = (
			);
			inputPaths = (
				"${PODS_PODFILE_DIR_PATH}/Podfile.lock",
				"${PODS_ROOT}/Manifest.lock",
			);
			name = "[CP] Check Pods Manifest.lock";
			outputPaths = (
				"$(DERIVED_FILE_DIR)/Pods-freee_SelectionSubject_AccountBookTests-checkManifestLockResult.txt",
			);
			runOnlyForDeploymentPostprocessing = 0;
			shellPath = /bin/sh;
			shellScript = "diff \"${PODS_PODFILE_DIR_PATH}/Podfile.lock\" \"${PODS_ROOT}/Manifest.lock\" > /dev/null\nif [ $? != 0 ] ; then\n    # print error to STDERR\n    echo \"error: The sandbox is not in sync with the Podfile.lock. Run 'pod install' or update your CocoaPods installation.\" >&2\n    exit 1\nfi\n# This output is used by Xcode 'outputs' to avoid re-running this script phase.\necho \"SUCCESS\" > \"${SCRIPT_OUTPUT_FILE_0}\"\n";
			showEnvVarsInLog = 0;
		};
/* End PBXShellScriptBuildPhase section */

/* Begin PBXSourcesBuildPhase section */
		663F3DFC2292938700F94FDE /* Sources */ = {
			isa = PBXSourcesBuildPhase;
			buildActionMask = 2147483647;
			files = (
				663F3E3B2292940800F94FDE /* CustomTableViewCell.swift in Sources */,
				6670630022948F310053D3B7 /* MainViewController.swift in Sources */,
				668F4A892293D587009C3AD2 /* PageViewController.swift in Sources */,
				663F3E382292940800F94FDE /* EditingStyleChangeTextField.swift in Sources */,
				663F3E0C2292938700F94FDE /* freee_SelectionSubject_AccountBook.xcdatamodeld in Sources */,
				668F4A8E2293D624009C3AD2 /* SummaryViewController.swift in Sources */,
				663F3E482292BB7F00F94FDE /* String_isOnlyNumber.swift in Sources */,
				663F3E432292941A00F94FDE /* TouchEventChainTableView.swift in Sources */,
				663F3E042292938700F94FDE /* AppDelegate.swift in Sources */,
				663F3E442292941A00F94FDE /* ModalViewController.swift in Sources */,
				663F3E392292940800F94FDE /* IBDesignableButton.swift in Sources */,
			);
			runOnlyForDeploymentPostprocessing = 0;
		};
		663F3E132292938800F94FDE /* Sources */ = {
			isa = PBXSourcesBuildPhase;
			buildActionMask = 2147483647;
			files = (
				663F3E1C2292938800F94FDE /* freee_SelectionSubject_AccountBookTests.swift in Sources */,
			);
			runOnlyForDeploymentPostprocessing = 0;
		};
		663F3E1E2292938800F94FDE /* Sources */ = {
			isa = PBXSourcesBuildPhase;
			buildActionMask = 2147483647;
			files = (
				663F3E272292938800F94FDE /* freee_SelectionSubject_AccountBookUITests.swift in Sources */,
			);
			runOnlyForDeploymentPostprocessing = 0;
		};
/* End PBXSourcesBuildPhase section */

/* Begin PBXTargetDependency section */
		663F3E192292938800F94FDE /* PBXTargetDependency */ = {
			isa = PBXTargetDependency;
			target = 663F3DFF2292938700F94FDE /* freee_SelectionSubject_AccountBook */;
			targetProxy = 663F3E182292938800F94FDE /* PBXContainerItemProxy */;
		};
		663F3E242292938800F94FDE /* PBXTargetDependency */ = {
			isa = PBXTargetDependency;
			target = 663F3DFF2292938700F94FDE /* freee_SelectionSubject_AccountBook */;
			targetProxy = 663F3E232292938800F94FDE /* PBXContainerItemProxy */;
		};
/* End PBXTargetDependency section */

/* Begin PBXVariantGroup section */
		663F3E072292938700F94FDE /* Main.storyboard */ = {
			isa = PBXVariantGroup;
			children = (
				663F3E082292938700F94FDE /* Base */,
			);
			name = Main.storyboard;
			sourceTree = "<group>";
		};
		663F3E0F2292938800F94FDE /* LaunchScreen.storyboard */ = {
			isa = PBXVariantGroup;
			children = (
				663F3E102292938800F94FDE /* Base */,
			);
			name = LaunchScreen.storyboard;
			sourceTree = "<group>";
		};
/* End PBXVariantGroup section */

/* Begin XCBuildConfiguration section */
		663F3E292292938800F94FDE /* Debug */ = {
			isa = XCBuildConfiguration;
			buildSettings = {
				ALWAYS_SEARCH_USER_PATHS = NO;
				CLANG_ANALYZER_NONNULL = YES;
				CLANG_ANALYZER_NUMBER_OBJECT_CONVERSION = YES_AGGRESSIVE;
				CLANG_CXX_LANGUAGE_STANDARD = "gnu++14";
				CLANG_CXX_LIBRARY = "libc++";
				CLANG_ENABLE_MODULES = YES;
				CLANG_ENABLE_OBJC_ARC = YES;
				CLANG_ENABLE_OBJC_WEAK = YES;
				CLANG_WARN_BLOCK_CAPTURE_AUTORELEASING = YES;
				CLANG_WARN_BOOL_CONVERSION = YES;
				CLANG_WARN_COMMA = YES;
				CLANG_WARN_CONSTANT_CONVERSION = YES;
				CLANG_WARN_DEPRECATED_OBJC_IMPLEMENTATIONS = YES;
				CLANG_WARN_DIRECT_OBJC_ISA_USAGE = YES_ERROR;
				CLANG_WARN_DOCUMENTATION_COMMENTS = YES;
				CLANG_WARN_EMPTY_BODY = YES;
				CLANG_WARN_ENUM_CONVERSION = YES;
				CLANG_WARN_INFINITE_RECURSION = YES;
				CLANG_WARN_INT_CONVERSION = YES;
				CLANG_WARN_NON_LITERAL_NULL_CONVERSION = YES;
				CLANG_WARN_OBJC_IMPLICIT_RETAIN_SELF = YES;
				CLANG_WARN_OBJC_LITERAL_CONVERSION = YES;
				CLANG_WARN_OBJC_ROOT_CLASS = YES_ERROR;
				CLANG_WARN_RANGE_LOOP_ANALYSIS = YES;
				CLANG_WARN_STRICT_PROTOTYPES = YES;
				CLANG_WARN_SUSPICIOUS_MOVE = YES;
				CLANG_WARN_UNGUARDED_AVAILABILITY = YES_AGGRESSIVE;
				CLANG_WARN_UNREACHABLE_CODE = YES;
				CLANG_WARN__DUPLICATE_METHOD_MATCH = YES;
				CODE_SIGN_IDENTITY = "iPhone Developer";
				COPY_PHASE_STRIP = NO;
				DEBUG_INFORMATION_FORMAT = dwarf;
				ENABLE_STRICT_OBJC_MSGSEND = YES;
				ENABLE_TESTABILITY = YES;
				GCC_C_LANGUAGE_STANDARD = gnu11;
				GCC_DYNAMIC_NO_PIC = NO;
				GCC_NO_COMMON_BLOCKS = YES;
				GCC_OPTIMIZATION_LEVEL = 0;
				GCC_PREPROCESSOR_DEFINITIONS = (
					"DEBUG=1",
					"$(inherited)",
				);
				GCC_WARN_64_TO_32_BIT_CONVERSION = YES;
				GCC_WARN_ABOUT_RETURN_TYPE = YES_ERROR;
				GCC_WARN_UNDECLARED_SELECTOR = YES;
				GCC_WARN_UNINITIALIZED_AUTOS = YES_AGGRESSIVE;
				GCC_WARN_UNUSED_FUNCTION = YES;
				GCC_WARN_UNUSED_VARIABLE = YES;
				IPHONEOS_DEPLOYMENT_TARGET = 12.2;
				MTL_ENABLE_DEBUG_INFO = INCLUDE_SOURCE;
				MTL_FAST_MATH = YES;
				ONLY_ACTIVE_ARCH = YES;
				SDKROOT = iphoneos;
				SWIFT_ACTIVE_COMPILATION_CONDITIONS = DEBUG;
				SWIFT_OPTIMIZATION_LEVEL = "-Onone";
			};
			name = Debug;
		};
		663F3E2A2292938800F94FDE /* Release */ = {
			isa = XCBuildConfiguration;
			buildSettings = {
				ALWAYS_SEARCH_USER_PATHS = NO;
				CLANG_ANALYZER_NONNULL = YES;
				CLANG_ANALYZER_NUMBER_OBJECT_CONVERSION = YES_AGGRESSIVE;
				CLANG_CXX_LANGUAGE_STANDARD = "gnu++14";
				CLANG_CXX_LIBRARY = "libc++";
				CLANG_ENABLE_MODULES = YES;
				CLANG_ENABLE_OBJC_ARC = YES;
				CLANG_ENABLE_OBJC_WEAK = YES;
				CLANG_WARN_BLOCK_CAPTURE_AUTORELEASING = YES;
				CLANG_WARN_BOOL_CONVERSION = YES;
				CLANG_WARN_COMMA = YES;
				CLANG_WARN_CONSTANT_CONVERSION = YES;
				CLANG_WARN_DEPRECATED_OBJC_IMPLEMENTATIONS = YES;
				CLANG_WARN_DIRECT_OBJC_ISA_USAGE = YES_ERROR;
				CLANG_WARN_DOCUMENTATION_COMMENTS = YES;
				CLANG_WARN_EMPTY_BODY = YES;
				CLANG_WARN_ENUM_CONVERSION = YES;
				CLANG_WARN_INFINITE_RECURSION = YES;
				CLANG_WARN_INT_CONVERSION = YES;
				CLANG_WARN_NON_LITERAL_NULL_CONVERSION = YES;
				CLANG_WARN_OBJC_IMPLICIT_RETAIN_SELF = YES;
				CLANG_WARN_OBJC_LITERAL_CONVERSION = YES;
				CLANG_WARN_OBJC_ROOT_CLASS = YES_ERROR;
				CLANG_WARN_RANGE_LOOP_ANALYSIS = YES;
				CLANG_WARN_STRICT_PROTOTYPES = YES;
				CLANG_WARN_SUSPICIOUS_MOVE = YES;
				CLANG_WARN_UNGUARDED_AVAILABILITY = YES_AGGRESSIVE;
				CLANG_WARN_UNREACHABLE_CODE = YES;
				CLANG_WARN__DUPLICATE_METHOD_MATCH = YES;
				CODE_SIGN_IDENTITY = "iPhone Developer";
				COPY_PHASE_STRIP = NO;
				DEBUG_INFORMATION_FORMAT = "dwarf-with-dsym";
				ENABLE_NS_ASSERTIONS = NO;
				ENABLE_STRICT_OBJC_MSGSEND = YES;
				GCC_C_LANGUAGE_STANDARD = gnu11;
				GCC_NO_COMMON_BLOCKS = YES;
				GCC_WARN_64_TO_32_BIT_CONVERSION = YES;
				GCC_WARN_ABOUT_RETURN_TYPE = YES_ERROR;
				GCC_WARN_UNDECLARED_SELECTOR = YES;
				GCC_WARN_UNINITIALIZED_AUTOS = YES_AGGRESSIVE;
				GCC_WARN_UNUSED_FUNCTION = YES;
				GCC_WARN_UNUSED_VARIABLE = YES;
				IPHONEOS_DEPLOYMENT_TARGET = 12.2;
				MTL_ENABLE_DEBUG_INFO = NO;
				MTL_FAST_MATH = YES;
				SDKROOT = iphoneos;
				SWIFT_COMPILATION_MODE = wholemodule;
				SWIFT_OPTIMIZATION_LEVEL = "-O";
				VALIDATE_PRODUCT = YES;
			};
			name = Release;
		};
		663F3E2C2292938800F94FDE /* Debug */ = {
			isa = XCBuildConfiguration;
			baseConfigurationReference = AB069707CF6C59F5F1907262 /* Pods-freee_SelectionSubject_AccountBook.debug.xcconfig */;
			buildSettings = {
				ASSETCATALOG_COMPILER_APPICON_NAME = AppIcon;
				CODE_SIGN_STYLE = Automatic;
				DEVELOPMENT_TEAM = 6JB2SDQGN3;
				INFOPLIST_FILE = freee_SelectionSubject_AccountBook/Info.plist;
				IPHONEOS_DEPLOYMENT_TARGET = 12.2;
				LD_RUNPATH_SEARCH_PATHS = (
					"$(inherited)",
					"@executable_path/Frameworks",
				);
				PRODUCT_BUNDLE_IDENTIFIER = "TakumiObayashi.freee-SelectionSubject-AccountBook";
				PRODUCT_NAME = "$(TARGET_NAME)";
				SWIFT_VERSION = 5.0;
				TARGETED_DEVICE_FAMILY = "1,2";
			};
			name = Debug;
		};
		663F3E2D2292938800F94FDE /* Release */ = {
			isa = XCBuildConfiguration;
			baseConfigurationReference = 21A2BA9CAEBA83CE3AD3C292 /* Pods-freee_SelectionSubject_AccountBook.release.xcconfig */;
			buildSettings = {
				ASSETCATALOG_COMPILER_APPICON_NAME = AppIcon;
				CODE_SIGN_STYLE = Automatic;
				DEVELOPMENT_TEAM = 6JB2SDQGN3;
				INFOPLIST_FILE = freee_SelectionSubject_AccountBook/Info.plist;
				IPHONEOS_DEPLOYMENT_TARGET = 12.2;
				LD_RUNPATH_SEARCH_PATHS = (
					"$(inherited)",
					"@executable_path/Frameworks",
				);
				PRODUCT_BUNDLE_IDENTIFIER = "TakumiObayashi.freee-SelectionSubject-AccountBook";
				PRODUCT_NAME = "$(TARGET_NAME)";
				SWIFT_VERSION = 5.0;
				TARGETED_DEVICE_FAMILY = "1,2";
			};
			name = Release;
		};
		663F3E2F2292938800F94FDE /* Debug */ = {
			isa = XCBuildConfiguration;
			baseConfigurationReference = 6A1709B42EA317B4E7D4DEE0 /* Pods-freee_SelectionSubject_AccountBookTests.debug.xcconfig */;
			buildSettings = {
				ALWAYS_EMBED_SWIFT_STANDARD_LIBRARIES = YES;
				BUNDLE_LOADER = "$(TEST_HOST)";
				CODE_SIGN_STYLE = Automatic;
				DEVELOPMENT_TEAM = 6JB2SDQGN3;
				INFOPLIST_FILE = freee_SelectionSubject_AccountBookTests/Info.plist;
				LD_RUNPATH_SEARCH_PATHS = (
					"$(inherited)",
					"@executable_path/Frameworks",
					"@loader_path/Frameworks",
				);
				PRODUCT_BUNDLE_IDENTIFIER = "TakumiObayashi.freee-SelectionSubject-AccountBookTests";
				PRODUCT_NAME = "$(TARGET_NAME)";
				SWIFT_VERSION = 5.0;
				TARGETED_DEVICE_FAMILY = "1,2";
				TEST_HOST = "$(BUILT_PRODUCTS_DIR)/freee_SelectionSubject_AccountBook.app/freee_SelectionSubject_AccountBook";
			};
			name = Debug;
		};
		663F3E302292938800F94FDE /* Release */ = {
			isa = XCBuildConfiguration;
			baseConfigurationReference = 1C276B82A6451341FF4D9BC0 /* Pods-freee_SelectionSubject_AccountBookTests.release.xcconfig */;
			buildSettings = {
				ALWAYS_EMBED_SWIFT_STANDARD_LIBRARIES = YES;
				BUNDLE_LOADER = "$(TEST_HOST)";
				CODE_SIGN_STYLE = Automatic;
				DEVELOPMENT_TEAM = 6JB2SDQGN3;
				INFOPLIST_FILE = freee_SelectionSubject_AccountBookTests/Info.plist;
				LD_RUNPATH_SEARCH_PATHS = (
					"$(inherited)",
					"@executable_path/Frameworks",
					"@loader_path/Frameworks",
				);
				PRODUCT_BUNDLE_IDENTIFIER = "TakumiObayashi.freee-SelectionSubject-AccountBookTests";
				PRODUCT_NAME = "$(TARGET_NAME)";
				SWIFT_VERSION = 5.0;
				TARGETED_DEVICE_FAMILY = "1,2";
				TEST_HOST = "$(BUILT_PRODUCTS_DIR)/freee_SelectionSubject_AccountBook.app/freee_SelectionSubject_AccountBook";
			};
			name = Release;
		};
		663F3E322292938800F94FDE /* Debug */ = {
			isa = XCBuildConfiguration;
			baseConfigurationReference = 4BDF8DEDA4B56A79BCF785D8 /* Pods-freee_SelectionSubject_AccountBookUITests.debug.xcconfig */;
			buildSettings = {
				ALWAYS_EMBED_SWIFT_STANDARD_LIBRARIES = YES;
				CODE_SIGN_STYLE = Automatic;
				DEVELOPMENT_TEAM = 6JB2SDQGN3;
				INFOPLIST_FILE = freee_SelectionSubject_AccountBookUITests/Info.plist;
				LD_RUNPATH_SEARCH_PATHS = (
					"$(inherited)",
					"@executable_path/Frameworks",
					"@loader_path/Frameworks",
				);
				PRODUCT_BUNDLE_IDENTIFIER = "TakumiObayashi.freee-SelectionSubject-AccountBookUITests";
				PRODUCT_NAME = "$(TARGET_NAME)";
				SWIFT_VERSION = 5.0;
				TARGETED_DEVICE_FAMILY = "1,2";
				TEST_TARGET_NAME = freee_SelectionSubject_AccountBook;
			};
			name = Debug;
		};
		663F3E332292938800F94FDE /* Release */ = {
			isa = XCBuildConfiguration;
			baseConfigurationReference = 8EAF43883BC195CA352AE4F4 /* Pods-freee_SelectionSubject_AccountBookUITests.release.xcconfig */;
			buildSettings = {
				ALWAYS_EMBED_SWIFT_STANDARD_LIBRARIES = YES;
				CODE_SIGN_STYLE = Automatic;
				DEVELOPMENT_TEAM = 6JB2SDQGN3;
				INFOPLIST_FILE = freee_SelectionSubject_AccountBookUITests/Info.plist;
				LD_RUNPATH_SEARCH_PATHS = (
					"$(inherited)",
					"@executable_path/Frameworks",
					"@loader_path/Frameworks",
				);
				PRODUCT_BUNDLE_IDENTIFIER = "TakumiObayashi.freee-SelectionSubject-AccountBookUITests";
				PRODUCT_NAME = "$(TARGET_NAME)";
				SWIFT_VERSION = 5.0;
				TARGETED_DEVICE_FAMILY = "1,2";
				TEST_TARGET_NAME = freee_SelectionSubject_AccountBook;
			};
			name = Release;
		};
/* End XCBuildConfiguration section */

/* Begin XCConfigurationList section */
		663F3DFB2292938700F94FDE /* Build configuration list for PBXProject "freee_SelectionSubject_AccountBook" */ = {
			isa = XCConfigurationList;
			buildConfigurations = (
				663F3E292292938800F94FDE /* Debug */,
				663F3E2A2292938800F94FDE /* Release */,
			);
			defaultConfigurationIsVisible = 0;
			defaultConfigurationName = Release;
		};
		663F3E2B2292938800F94FDE /* Build configuration list for PBXNativeTarget "freee_SelectionSubject_AccountBook" */ = {
			isa = XCConfigurationList;
			buildConfigurations = (
				663F3E2C2292938800F94FDE /* Debug */,
				663F3E2D2292938800F94FDE /* Release */,
			);
			defaultConfigurationIsVisible = 0;
			defaultConfigurationName = Release;
		};
		663F3E2E2292938800F94FDE /* Build configuration list for PBXNativeTarget "freee_SelectionSubject_AccountBookTests" */ = {
			isa = XCConfigurationList;
			buildConfigurations = (
				663F3E2F2292938800F94FDE /* Debug */,
				663F3E302292938800F94FDE /* Release */,
			);
			defaultConfigurationIsVisible = 0;
			defaultConfigurationName = Release;
		};
		663F3E312292938800F94FDE /* Build configuration list for PBXNativeTarget "freee_SelectionSubject_AccountBookUITests" */ = {
			isa = XCConfigurationList;
			buildConfigurations = (
				663F3E322292938800F94FDE /* Debug */,
				663F3E332292938800F94FDE /* Release */,
			);
			defaultConfigurationIsVisible = 0;
			defaultConfigurationName = Release;
		};
/* End XCConfigurationList section */

/* Begin XCVersionGroup section */
		663F3E0A2292938700F94FDE /* freee_SelectionSubject_AccountBook.xcdatamodeld */ = {
			isa = XCVersionGroup;
			children = (
				663F3E0B2292938700F94FDE /* freee_SelectionSubject_AccountBook.xcdatamodel */,
			);
			currentVersion = 663F3E0B2292938700F94FDE /* freee_SelectionSubject_AccountBook.xcdatamodel */;
			path = freee_SelectionSubject_AccountBook.xcdatamodeld;
			sourceTree = "<group>";
			versionGroupType = wrapper.xcdatamodel;
		};
/* End XCVersionGroup section */
	};
	rootObject = 663F3DF82292938700F94FDE /* Project object */;
}
